<?xml version="1.0" encoding="utf-8"?>
<Project ToolsVersion="4.0" xmlns="http://schemas.microsoft.com/developer/msbuild/2003">
  <ItemGroup>
    <Filter Include="Archivos de origen">
      <UniqueIdentifier>{4FC737F1-C7A5-4376-A066-2A32D752A2FF}</UniqueIdentifier>
      <Extensions>cpp;c;cc;cxx;c++;def;odl;idl;hpj;bat;asm;asmx</Extensions>
    </Filter>
    <Filter Include="Archivos de encabezado">
      <UniqueIdentifier>{93995380-89BD-4b04-88EB-625FBE52EBFB}</UniqueIdentifier>
      <Extensions>h;hh;hpp;hxx;h++;hm;inl;inc;ipp;xsd</Extensions>
    </Filter>
    <Filter Include="Archivos de recursos">
      <UniqueIdentifier>{67DA6AB6-F800-4c08-8B7A-83BB121AAD01}</UniqueIdentifier>
      <Extensions>rc;ico;cur;bmp;dlg;rc2;rct;bin;rgs;gif;jpg;jpeg;jpe;resx;tiff;tif;png;wav;mfcribbon-ms</Extensions>
    </Filter>
    <Filter Include="Archivos de origen\Player">
      <UniqueIdentifier>{43731af8-59d4-4c60-852c-6ad9b01679a1}</UniqueIdentifier>
    </Filter>
    <Filter Include="Archivos de origen\Collision">
      <UniqueIdentifier>{33819e58-627f-4e9b-927c-834c1a74e64e}</UniqueIdentifier>
    </Filter>
    <Filter Include="Archivos de origen\FillMatrix">
      <UniqueIdentifier>{206817c2-53c5-45f3-8380-4db65859185f}</UniqueIdentifier>
    </Filter>
    <Filter Include="Archivos de origen\ShowToScreen">
      <UniqueIdentifier>{764c8a7c-3d04-41ec-be42-684aa4c8450e}</UniqueIdentifier>
    </Filter>
    <Filter Include="Archivos de origen\Console">
      <UniqueIdentifier>{49c9f101-c084-45fc-93b9-52ccc616fd80}</UniqueIdentifier>
    </Filter>
    <Filter Include="Archivos de origen\ActiveModes">
      <UniqueIdentifier>{725f125f-6fa2-4b5c-b5bd-f28c5faa8310}</UniqueIdentifier>
    </Filter>
    <Filter Include="Archivos de origen\Menu">
      <UniqueIdentifier>{6052abb9-cc24-42ef-a814-f2506415d39e}</UniqueIdentifier>
    </Filter>
    <Filter Include="Archivos de encabezado\Menu">
      <UniqueIdentifier>{bf972ceb-0081-4d4b-89f6-101124cabc41}</UniqueIdentifier>
    </Filter>
    <Filter Include="Archivos de encabezado\Matrix">
      <UniqueIdentifier>{4a073acc-8610-4ae8-a97a-7bdb49512e78}</UniqueIdentifier>
    </Filter>
    <Filter Include="Archivos de encabezado\Player">
      <UniqueIdentifier>{e05ebd65-20ef-406c-aba6-36d0d403938b}</UniqueIdentifier>
    </Filter>
    <Filter Include="Archivos de encabezado\ScoreBoard">
      <UniqueIdentifier>{f21b6816-11eb-4200-8e5d-5fa78936ff95}</UniqueIdentifier>
    </Filter>
    <Filter Include="Archivos de origen\ScoreBoard">
      <UniqueIdentifier>{ab272647-b548-474e-b54e-f0154d29fca4}</UniqueIdentifier>
    </Filter>
    <Filter Include="Archivos de origen\Matrix">
      <UniqueIdentifier>{3c1a04c8-7b42-4198-bf67-5847cb7048f2}</UniqueIdentifier>
    </Filter>
    <Filter Include="Archivos de origen\Timer">
      <UniqueIdentifier>{beed2227-c800-4c32-af7f-7c6d7fbb9269}</UniqueIdentifier>
    </Filter>
    <Filter Include="Archivos de origen\Menu\Show">
      <UniqueIdentifier>{ffcd6f2e-4890-4205-a35d-07c7931c19d6}</UniqueIdentifier>
    </Filter>
    <Filter Include="Archivos de origen\Menu\Input">
      <UniqueIdentifier>{01dc26d8-3b64-4d4c-8864-f941c361583a}</UniqueIdentifier>
    </Filter>
    <Filter Include="Archivos de origen\ResetVars">
      <UniqueIdentifier>{ad92b008-b79d-4acc-998a-a8a0ee132ffb}</UniqueIdentifier>
    </Filter>
    <Filter Include="Archivos de encabezado\GameModes">
      <UniqueIdentifier>{85b0d413-4e24-48e4-a6b6-31eaae935100}</UniqueIdentifier>
    </Filter>
    <Filter Include="Archivos de encabezado\Structs">
      <UniqueIdentifier>{5c13dc79-415f-43f2-abf2-14c3f2584936}</UniqueIdentifier>
    </Filter>
    <Filter Include="Archivos de encabezado\Console">
      <UniqueIdentifier>{dd164561-ccea-4189-ac22-1334af606062}</UniqueIdentifier>
    </Filter>
    <Filter Include="Archivos de origen\Others">
      <UniqueIdentifier>{af844928-82b2-4af7-89c4-605068e4059a}</UniqueIdentifier>
    </Filter>
  </ItemGroup>
  <ItemGroup>
    <ClCompile Include="main.cpp">
      <Filter>Archivos de origen</Filter>
    </ClCompile>
    <ClCompile Include="CollisionAsterisk.cpp">
      <Filter>Archivos de origen\Collision</Filter>
    </ClCompile>
    <ClCompile Include="CollisionDoubleXpMode.cpp">
      <Filter>Archivos de origen\Collision</Filter>
    </ClCompile>
    <ClCompile Include="CollisionSpeedMode.cpp">
      <Filter>Archivos de origen\Collision</Filter>
    </ClCompile>
    <ClCompile Include="ClearMatrix.cpp">
      <Filter>Archivos de origen\Matrix</Filter>
    </ClCompile>
    <ClCompile Include="ClearPowerUp.cpp">
      <Filter>Archivos de origen\Matrix</Filter>
    </ClCompile>
    <ClCompile Include="CollisionGodMode.cpp">
      <Filter>Archivos de origen\Collision</Filter>
    </ClCompile>
    <ClCompile Include="ShowActiveMode.cpp">
      <Filter>Archivos de origen\ShowToScreen</Filter>
    </ClCompile>
    <ClCompile Include="ShowControls.cpp">
      <Filter>Archivos de origen\ShowToScreen</Filter>
    </ClCompile>
    <ClCompile Include="ShowMatrix.cpp">
      <Filter>Archivos de origen\ShowToScreen</Filter>
    </ClCompile>
    <ClCompile Include="ShowModesInfo.cpp">
      <Filter>Archivos de origen\ShowToScreen</Filter>
    </ClCompile>
    <ClCompile Include="ShowPoints.cpp">
      <Filter>Archivos de origen\ShowToScreen</Filter>
    </ClCompile>
    <ClCompile Include="ShowScoreTable.cpp">
      <Filter>Archivos de origen\ShowToScreen</Filter>
    </ClCompile>
    <ClCompile Include="SetGameConsoleSize.cpp">
      <Filter>Archivos de origen\Console</Filter>
    </ClCompile>
    <ClCompile Include="DoubleXpActive.cpp">
      <Filter>Archivos de origen\ActiveModes</Filter>
    </ClCompile>
    <ClCompile Include="GameSpeedActive.cpp">
      <Filter>Archivos de origen\ActiveModes</Filter>
    </ClCompile>
    <ClCompile Include="GodModeActive.cpp">
      <Filter>Archivos de origen\ActiveModes</Filter>
    </ClCompile>
    <ClCompile Include="PointsCounterActive.cpp">
      <Filter>Archivos de origen\ActiveModes</Filter>
    </ClCompile>
    <ClCompile Include="FillMatrix.cpp">
      <Filter>Archivos de origen\FillMatrix</Filter>
    </ClCompile>
    <ClCompile Include="PowerUpFill.cpp">
      <Filter>Archivos de origen\FillMatrix</Filter>
    </ClCompile>
    <ClCompile Include="CollisionPlayer.cpp">
      <Filter>Archivos de origen\Collision</Filter>
    </ClCompile>
    <ClCompile Include="GameMenu.cpp">
      <Filter>Archivos de origen\Menu</Filter>
    </ClCompile>
    <ClCompile Include="ScoreTable.cpp">
      <Filter>Archivos de origen\ScoreBoard</Filter>
    </ClCompile>
    <ClCompile Include="SetScoreTable.cpp">
      <Filter>Archivos de origen\ScoreBoard</Filter>
    </ClCompile>
    <ClCompile Include="PlayerInitPos.cpp">
      <Filter>Archivos de origen\Player</Filter>
    </ClCompile>
    <ClCompile Include="CheckAllCollisions.cpp">
      <Filter>Archivos de origen\Collision</Filter>
    </ClCompile>
    <ClCompile Include="PowerUpTimer.cpp">
      <Filter>Archivos de origen\Timer</Filter>
    </ClCompile>
    <ClCompile Include="MatrixTimer.cpp">
      <Filter>Archivos de origen\Timer</Filter>
    </ClCompile>
    <ClCompile Include="ShowGameTimer.cpp">
      <Filter>Archivos de origen\Timer</Filter>
    </ClCompile>
    <ClCompile Include="GameTimer.cpp">
      <Filter>Archivos de origen\Timer</Filter>
    </ClCompile>
    <ClCompile Include="ShowMainMenu.cpp">
      <Filter>Archivos de origen\Menu\Show</Filter>
    </ClCompile>
    <ClCompile Include="ShowHowToPlay.cpp">
      <Filter>Archivos de origen\Menu\Show</Filter>
    </ClCompile>
    <ClCompile Include="ShowGameModes.cpp">
      <Filter>Archivos de origen\Menu\Show</Filter>
    </ClCompile>
    <ClCompile Include="ShowTitleScreen.cpp">
      <Filter>Archivos de origen\Menu\Show</Filter>
    </ClCompile>
    <ClCompile Include="GoToMainMenuInput.cpp">
      <Filter>Archivos de origen\Menu\Input</Filter>
    </ClCompile>
    <ClCompile Include="HowToPlayInputc.cpp">
      <Filter>Archivos de origen\Menu\Input</Filter>
    </ClCompile>
    <ClCompile Include="MainMenuInput.cpp">
      <Filter>Archivos de origen\Menu\Input</Filter>
    </ClCompile>
    <ClCompile Include="SetGameModes.cpp">
      <Filter>Archivos de origen\Menu\Input</Filter>
    </ClCompile>
    <ClCompile Include="TitleScreenInput.cpp">
      <Filter>Archivos de origen\Menu\Input</Filter>
    </ClCompile>
    <ClCompile Include="ResetGameVars.cpp">
      <Filter>Archivos de origen\ResetVars</Filter>
    </ClCompile>
    <ClCompile Include="PlayerMovement.cpp">
      <Filter>Archivos de origen\Player</Filter>
    </ClCompile>
    <ClCompile Include="PlayerGet.cpp">
      <Filter>Archivos de origen\Player</Filter>
    </ClCompile>
    <ClCompile Include="PlayerSet.cpp">
      <Filter>Archivos de origen\Player</Filter>
    </ClCompile>
    <ClCompile Include="PlayerUpdate.cpp">
      <Filter>Archivos de origen\Player</Filter>
    </ClCompile>
    <ClCompile Include="PlayerPointsUpdate.cpp">
      <Filter>Archivos de origen\Player</Filter>
    </ClCompile>
    <ClCompile Include="PlayerDraw.cpp">
      <Filter>Archivos de origen\Player</Filter>
    </ClCompile>
    <ClCompile Include="PlayerInput.cpp">
      <Filter>Archivos de origen\Player</Filter>
    </ClCompile>
    <ClCompile Include="ShowGoToMainMenu.cpp">
      <Filter>Archivos de origen\Menu\Show</Filter>
    </ClCompile>
    <ClCompile Include="Cursor.cpp">
      <Filter>Archivos de origen\Console</Filter>
    </ClCompile>
    <ClCompile Include="QuitGame.cpp">
      <Filter>Archivos de origen\Others</Filter>
    </ClCompile>
    <ClCompile Include="SetGameSpeed.cpp">
      <Filter>Archivos de origen\Others</Filter>
    </ClCompile>
  </ItemGroup>
  <ItemGroup>
    <ClInclude Include="ShowToScreen.h">
      <Filter>Archivos de encabezado</Filter>
    </ClInclude>
    <ClInclude Include="Collision.h">
      <Filter>Archivos de encabezado</Filter>
    </ClInclude>
    <ClInclude Include="ActiveModes.h">
      <Filter>Archivos de encabezado</Filter>
    </ClInclude>
    <ClInclude Include="ClearMatrix.h">
      <Filter>Archivos de encabezado\Matrix</Filter>
    </ClInclude>
    <ClInclude Include="FillMatrix.h">
      <Filter>Archivos de encabezado\Matrix</Filter>
    </ClInclude>
    <ClInclude Include="Player.h">
      <Filter>Archivos de encabezado\Player</Filter>
    </ClInclude>
    <ClInclude Include="Input.h">
      <Filter>Archivos de encabezado\Player</Filter>
    </ClInclude>
    <ClInclude Include="MatrixObj.h">
      <Filter>Archivos de encabezado\Matrix</Filter>
    </ClInclude>
    <ClInclude Include="playerMode.h">
      <Filter>Archivos de encabezado\Player</Filter>
    </ClInclude>
    <ClInclude Include="RowsCols.h">
      <Filter>Archivos de encabezado\Matrix</Filter>
    </ClInclude>
    <ClInclude Include="ScoreTable.h">
      <Filter>Archivos de encabezado\ScoreBoard</Filter>
    </ClInclude>
    <ClInclude Include="SetScoreTable.h">
      <Filter>Archivos de encabezado\ScoreBoard</Filter>
    </ClInclude>
    <ClInclude Include="SetInitPos.h">
      <Filter>Archivos de encabezado\Player</Filter>
    </ClInclude>
    <ClInclude Include="GameTimers.h">
      <Filter>Archivos de encabezado</Filter>
    </ClInclude>
    <ClInclude Include="MenuOptions.h">
      <Filter>Archivos de encabezado\Menu</Filter>
    </ClInclude>
    <ClInclude Include="QuitGameCheck.h">
      <Filter>Archivos de encabezado</Filter>
    </ClInclude>
    <ClInclude Include="SetGameSpeed.h">
      <Filter>Archivos de encabezado</Filter>
    </ClInclude>
    <ClInclude Include="ResetGameVars.h">
      <Filter>Archivos de encabezado</Filter>
    </ClInclude>
    <ClInclude Include="CurrentGameMode.h">
      <Filter>Archivos de encabezado\GameModes</Filter>
    </ClInclude>
    <ClInclude Include="GameModes.h">
      <Filter>Archivos de encabezado\GameModes</Filter>
    </ClInclude>
    <ClInclude Include="MenuShow.h">
      <Filter>Archivos de encabezado\Menu</Filter>
    </ClInclude>
    <ClInclude Include="MenuInput.h">
      <Filter>Archivos de encabezado\Menu</Filter>
    </ClInclude>
    <ClInclude Include="GameMenu.h">
      <Filter>Archivos de encabezado\Menu</Filter>
    </ClInclude>
    <ClInclude Include="SetColor.h">
      <Filter>Archivos de encabezado\Structs</Filter>
    </ClInclude>
    <ClInclude Include="SleepSpeed.h">
      <Filter>Archivos de encabezado\Structs</Filter>
    </ClInclude>
    <ClInclude Include="PowerUps.h">
      <Filter>Archivos de encabezado\Structs</Filter>
    </ClInclude>
    <ClInclude Include="Position.h">
      <Filter>Archivos de encabezado\Structs</Filter>
    </ClInclude>
    <ClInclude Include="KBKeys.h">
      <Filter>Archivos de encabezado\Structs</Filter>
    </ClInclude>
    <ClInclude Include="Color.h">
      <Filter>Archivos de encabezado\Structs</Filter>
    </ClInclude>
    <ClInclude Include="Console.h">
      <Filter>Archivos de encabezado\Console</Filter>
    </ClInclude>
    <ClInclude Include="Cursor.h">
      <Filter>Archivos de encabezado\Console</Filter>
    </ClInclude>
  </ItemGroup>
</Project>